
Microsoft Visual Studio Solution File, Format Version 12.00
# Visual Studio Version 17
VisualStudioVersion = 17.14.36518.9 d17.14
MinimumVisualStudioVersion = 10.0.40219.1
Project("{FAE04EC0-301F-11D3-BF4B-00C04F79EFBC}") = "zadach3", "zadach3\zadach3.csproj", "{13D3F89B-668C-479C-AD11-E308BE2AF83B}"
EndProject
Global
	GlobalSection(SolutionConfigurationPlatforms) = preSolution
		Debug|Any CPU = Debug|Any CPU
		Release|Any CPU = Release|Any CPU
	EndGlobalSection
	GlobalSection(ProjectConfigurationPlatforms) = postSolution
		{13D3F89B-668C-479C-AD11-E308BE2AF83B}.Debug|Any CPU.ActiveCfg = Debug|Any CPU
		{13D3F89B-668C-479C-AD11-E308BE2AF83B}.Debug|Any CPU.Build.0 = Debug|Any CPU
		{13D3F89B-668C-479C-AD11-E308BE2AF83B}.Release|Any CPU.ActiveCfg = Release|Any CPU
		{13D3F89B-668C-479C-AD11-E308BE2AF83B}.Release|Any CPU.Build.0 = Release|Any CPU
	EndGlobalSection
	GlobalSection(SolutionProperties) = preSolution
		HideSolutionNode = FALSE
	EndGlobalSection
	GlobalSection(ExtensibilityGlobals) = postSolution
		SolutionGuid = {1E49E57F-C9E2-403D-869F-084C8C2562A5}
	EndGlobalSection
EndGlobal
